// !$*UTF8*$!
{
	archiveVersion = 1;
	classes = {
	};
	objectVersion = 77;
	objects = {

/* Begin PBXBuildFile section */
		1E03F65E2CADC4580068167A /* Moya in Frameworks */ = {isa = PBXBuildFile; productRef = 1E03F65D2CADC4580068167A /* Moya */; };
/* End PBXBuildFile section */

/* Begin PBXContainerItemProxy section */
		1E6215132CAD16A0009E98B4 /* PBXContainerItemProxy */ = {
			isa = PBXContainerItemProxy;
			containerPortal = 1E6214FA2CAD169E009E98B4 /* Project object */;
			proxyType = 1;
			remoteGlobalIDString = 1E6215012CAD169E009E98B4;
			remoteInfo = "weather app";
		};
		1E62151D2CAD16A0009E98B4 /* PBXContainerItemProxy */ = {
			isa = PBXContainerItemProxy;
			containerPortal = 1E6214FA2CAD169E009E98B4 /* Project object */;
			proxyType = 1;
			remoteGlobalIDString = 1E6215012CAD169E009E98B4;
			remoteInfo = "weather app";
		};
/* End PBXContainerItemProxy section */

/* Begin PBXFileReference section */
		1E3928F72CADD3E400D1C8C1 /* weather app.xctestplan */ = {isa = PBXFileReference; lastKnownFileType = text; path = "weather app.xctestplan"; sourceTree = "<group>"; };
		1E6215022CAD169E009E98B4 /* weather app.app */ = {isa = PBXFileReference; explicitFileType = wrapper.application; includeInIndex = 0; path = "weather app.app"; sourceTree = BUILT_PRODUCTS_DIR; };
		1E6215122CAD16A0009E98B4 /* weather appTests.xctest */ = {isa = PBXFileReference; explicitFileType = wrapper.cfbundle; includeInIndex = 0; path = "weather appTests.xctest"; sourceTree = BUILT_PRODUCTS_DIR; };
		1E62151C2CAD16A0009E98B4 /* weather appUITests.xctest */ = {isa = PBXFileReference; explicitFileType = wrapper.cfbundle; includeInIndex = 0; path = "weather appUITests.xctest"; sourceTree = BUILT_PRODUCTS_DIR; };
/* End PBXFileReference section */

/* Begin PBXFileSystemSynchronizedRootGroup section */
		1E6215042CAD169E009E98B4 /* weather app */ = {
			isa = PBXFileSystemSynchronizedRootGroup;
			path = "weather app";
			sourceTree = "<group>";
		};
		1E6215152CAD16A0009E98B4 /* weather appTests */ = {
			isa = PBXFileSystemSynchronizedRootGroup;
			path = "weather appTests";
			sourceTree = "<group>";
		};
		1E62151F2CAD16A0009E98B4 /* weather appUITests */ = {
			isa = PBXFileSystemSynchronizedRootGroup;
			path = "weather appUITests";
			sourceTree = "<group>";
		};
/* End PBXFileSystemSynchronizedRootGroup section */

/* Begin PBXFrameworksBuildPhase section */
		1E6214FF2CAD169E009E98B4 /* Frameworks */ = {
			isa = PBXFrameworksBuildPhase;
			buildActionMask = 2147483647;
			files = (
				1E03F65E2CADC4580068167A /* Moya in Frameworks */,
			);
			runOnlyForDeploymentPostprocessing = 0;
		};
		1E62150F2CAD16A0009E98B4 /* Frameworks */ = {
			isa = PBXFrameworksBuildPhase;
			buildActionMask = 2147483647;
			files = (
			);
			runOnlyForDeploymentPostprocessing = 0;
		};
		1E6215192CAD16A0009E98B4 /* Frameworks */ = {
			isa = PBXFrameworksBuildPhase;
			buildActionMask = 2147483647;
			files = (
			);
			runOnlyForDeploymentPostprocessing = 0;
		};
/* End PBXFrameworksBuildPhase section */

/* Begin PBXGroup section */
		1E03F65C2CADC4580068167A /* Frameworks */ = {
			isa = PBXGroup;
			children = (
			);
			name = Frameworks;
			sourceTree = "<group>";
		};
		1E6214F92CAD169E009E98B4 = {
			isa = PBXGroup;
			children = (
				1E3928F72CADD3E400D1C8C1 /* weather app.xctestplan */,
				1E6215042CAD169E009E98B4 /* weather app */,
				1E6215152CAD16A0009E98B4 /* weather appTests */,
				1E62151F2CAD16A0009E98B4 /* weather appUITests */,
				1E03F65C2CADC4580068167A /* Frameworks */,
				1E6215032CAD169E009E98B4 /* Products */,
			);
			sourceTree = "<group>";
		};
		1E6215032CAD169E009E98B4 /* Products */ = {
			isa = PBXGroup;
			children = (
				1E6215022CAD169E009E98B4 /* weather app.app */,
				1E6215122CAD16A0009E98B4 /* weather appTests.xctest */,
				1E62151C2CAD16A0009E98B4 /* weather appUITests.xctest */,
			);
			name = Products;
			sourceTree = "<group>";
		};
/* End PBXGroup section */

/* Begin PBXNativeTarget section */
		1E6215012CAD169E009E98B4 /* weather app */ = {
			isa = PBXNativeTarget;
			buildConfigurationList = 1E6215262CAD16A0009E98B4 /* Build configuration list for PBXNativeTarget "weather app" */;
			buildPhases = (
				1E6214FE2CAD169E009E98B4 /* Sources */,
				1E6214FF2CAD169E009E98B4 /* Frameworks */,
				1E6215002CAD169E009E98B4 /* Resources */,
			);
			buildRules = (
			);
			dependencies = (
			);
			fileSystemSynchronizedGroups = (
				1E6215042CAD169E009E98B4 /* weather app */,
			);
			name = "weather app";
			packageProductDependencies = (
				1E03F65D2CADC4580068167A /* Moya */,
			);
			productName = "weather app";
			productReference = 1E6215022CAD169E009E98B4 /* weather app.app */;
			productType = "com.apple.product-type.application";
		};
		1E6215112CAD16A0009E98B4 /* weather appTests */ = {
			isa = PBXNativeTarget;
			buildConfigurationList = 1E6215292CAD16A0009E98B4 /* Build configuration list for PBXNativeTarget "weather appTests" */;
			buildPhases = (
				1E62150E2CAD16A0009E98B4 /* Sources */,
				1E62150F2CAD16A0009E98B4 /* Frameworks */,
				1E6215102CAD16A0009E98B4 /* Resources */,
			);
			buildRules = (
			);
			dependencies = (
				1E6215142CAD16A0009E98B4 /* PBXTargetDependency */,
			);
			fileSystemSynchronizedGroups = (
				1E6215152CAD16A0009E98B4 /* weather appTests */,
			);
			name = "weather appTests";
			packageProductDependencies = (
			);
			productName = "weather appTests";
			productReference = 1E6215122CAD16A0009E98B4 /* weather appTests.xctest */;
			productType = "com.apple.product-type.bundle.unit-test";
		};
		1E62151B2CAD16A0009E98B4 /* weather appUITests */ = {
			isa = PBXNativeTarget;
			buildConfigurationList = 1E62152C2CAD16A0009E98B4 /* Build configuration list for PBXNativeTarget "weather appUITests" */;
			buildPhases = (
				1E6215182CAD16A0009E98B4 /* Sources */,
				1E6215192CAD16A0009E98B4 /* Frameworks */,
				1E62151A2CAD16A0009E98B4 /* Resources */,
			);
			buildRules = (
			);
			dependencies = (
				1E62151E2CAD16A0009E98B4 /* PBXTargetDependency */,
			);
			fileSystemSynchronizedGroups = (
				1E62151F2CAD16A0009E98B4 /* weather appUITests */,
			);
			name = "weather appUITests";
			packageProductDependencies = (
			);
			productName = "weather appUITests";
			productReference = 1E62151C2CAD16A0009E98B4 /* weather appUITests.xctest */;
			productType = "com.apple.product-type.bundle.ui-testing";
		};
/* End PBXNativeTarget section */

/* Begin PBXProject section */
		1E6214FA2CAD169E009E98B4 /* Project object */ = {
			isa = PBXProject;
			attributes = {
				BuildIndependentTargetsInParallel = 1;
				LastSwiftUpdateCheck = 1600;
				LastUpgradeCheck = 1600;
				TargetAttributes = {
					1E6215012CAD169E009E98B4 = {
						CreatedOnToolsVersion = 16.0;
					};
					1E6215112CAD16A0009E98B4 = {
						CreatedOnToolsVersion = 16.0;
						TestTargetID = 1E6215012CAD169E009E98B4;
					};
					1E62151B2CAD16A0009E98B4 = {
						CreatedOnToolsVersion = 16.0;
						TestTargetID = 1E6215012CAD169E009E98B4;
					};
				};
			};
			buildConfigurationList = 1E6214FD2CAD169E009E98B4 /* Build configuration list for PBXProject "weather app" */;
			developmentRegion = en;
			hasScannedForEncodings = 0;
			knownRegions = (
				en,
				Base,
			);
			mainGroup = 1E6214F92CAD169E009E98B4;
			minimizedProjectReferenceProxies = 1;
			packageReferences = (
				1E03F6282CADC1790068167A /* XCRemoteSwiftPackageReference "Moya" */,
			);
			preferredProjectObjectVersion = 77;
			productRefGroup = 1E6215032CAD169E009E98B4 /* Products */;
			projectDirPath = "";
			projectRoot = "";
			targets = (
				1E6215012CAD169E009E98B4 /* weather app */,
				1E6215112CAD16A0009E98B4 /* weather appTests */,
				1E62151B2CAD16A0009E98B4 /* weather appUITests */,
			);
		};
/* End PBXProject section */

/* Begin PBXResourcesBuildPhase section */
		1E6215002CAD169E009E98B4 /* Resources */ = {
			isa = PBXResourcesBuildPhase;
			buildActionMask = 2147483647;
			files = (
			);
			runOnlyForDeploymentPostprocessing = 0;
		};
		1E6215102CAD16A0009E98B4 /* Resources */ = {
			isa = PBXResourcesBuildPhase;
			buildActionMask = 2147483647;
			files = (
			);
			runOnlyForDeploymentPostprocessing = 0;
		};
		1E62151A2CAD16A0009E98B4 /* Resources */ = {
			isa = PBXResourcesBuildPhase;
			buildActionMask = 2147483647;
			files = (
			);
			runOnlyForDeploymentPostprocessing = 0;
		};
/* End PBXResourcesBuildPhase section */

/* Begin PBXSourcesBuildPhase section */
		1E6214FE2CAD169E009E98B4 /* Sources */ = {
			isa = PBXSourcesBuildPhase;
			buildActionMask = 2147483647;
			files = (
			);
			runOnlyForDeploymentPostprocessing = 0;
		};
		1E62150E2CAD16A0009E98B4 /* Sources */ = {
			isa = PBXSourcesBuildPhase;
			buildActionMask = 2147483647;
			files = (
			);
			runOnlyForDeploymentPostprocessing = 0;
		};
		1E6215182CAD16A0009E98B4 /* Sources */ = {
			isa = PBXSourcesBuildPhase;
			buildActionMask = 2147483647;
			files = (
			);
			runOnlyForDeploymentPostprocessing = 0;
		};
/* End PBXSourcesBuildPhase section */

/* Begin PBXTargetDependency section */
		1E6215142CAD16A0009E98B4 /* PBXTargetDependency */ = {
			isa = PBXTargetDependency;
			target = 1E6215012CAD169E009E98B4 /* weather app */;
			targetProxy = 1E6215132CAD16A0009E98B4 /* PBXContainerItemProxy */;
		};
		1E62151E2CAD16A0009E98B4 /* PBXTargetDependency */ = {
			isa = PBXTargetDependency;
			target = 1E6215012CAD169E009E98B4 /* weather app */;
			targetProxy = 1E62151D2CAD16A0009E98B4 /* PBXContainerItemProxy */;
		};
/* End PBXTargetDependency section */

/* Begin XCBuildConfiguration section */
		1E6215242CAD16A0009E98B4 /* Debug */ = {
			isa = XCBuildConfiguration;
			buildSettings = {
				ALWAYS_SEARCH_USER_PATHS = NO;
				ASSETCATALOG_COMPILER_GENERATE_SWIFT_ASSET_SYMBOL_EXTENSIONS = YES;
				CLANG_ANALYZER_NONNULL = YES;
				CLANG_ANALYZER_NUMBER_OBJECT_CONVERSION = YES_AGGRESSIVE;
				CLANG_CXX_LANGUAGE_STANDARD = "gnu++20";
				CLANG_ENABLE_MODULES = YES;
				CLANG_ENABLE_OBJC_ARC = YES;
				CLANG_ENABLE_OBJC_WEAK = YES;
				CLANG_WARN_BLOCK_CAPTURE_AUTORELEASING = YES;
				CLANG_WARN_BOOL_CONVERSION = YES;
				CLANG_WARN_COMMA = YES;
				CLANG_WARN_CONSTANT_CONVERSION = YES;
				CLANG_WARN_DEPRECATED_OBJC_IMPLEMENTATIONS = YES;
				CLANG_WARN_DIRECT_OBJC_ISA_USAGE = YES_ERROR;
				CLANG_WARN_DOCUMENTATION_COMMENTS = YES;
				CLANG_WARN_EMPTY_BODY = YES;
				CLANG_WARN_ENUM_CONVERSION = YES;
				CLANG_WARN_INFINITE_RECURSION = YES;
				CLANG_WARN_INT_CONVERSION = YES;
				CLANG_WARN_NON_LITERAL_NULL_CONVERSION = YES;
				CLANG_WARN_OBJC_IMPLICIT_RETAIN_SELF = YES;
				CLANG_WARN_OBJC_LITERAL_CONVERSION = YES;
				CLANG_WARN_OBJC_ROOT_CLASS = YES_ERROR;
				CLANG_WARN_QUOTED_INCLUDE_IN_FRAMEWORK_HEADER = YES;
				CLANG_WARN_RANGE_LOOP_ANALYSIS = YES;
				CLANG_WARN_STRICT_PROTOTYPES = YES;
				CLANG_WARN_SUSPICIOUS_MOVE = YES;
				CLANG_WARN_UNGUARDED_AVAILABILITY = YES_AGGRESSIVE;
				CLANG_WARN_UNREACHABLE_CODE = YES;
				CLANG_WARN__DUPLICATE_METHOD_MATCH = YES;
				COPY_PHASE_STRIP = NO;
				DEBUG_INFORMATION_FORMAT = dwarf;
				ENABLE_STRICT_OBJC_MSGSEND = YES;
				ENABLE_TESTABILITY = YES;
				ENABLE_USER_SCRIPT_SANDBOXING = YES;
				GCC_C_LANGUAGE_STANDARD = gnu17;
				GCC_DYNAMIC_NO_PIC = NO;
				GCC_NO_COMMON_BLOCKS = YES;
				GCC_OPTIMIZATION_LEVEL = 0;
				GCC_PREPROCESSOR_DEFINITIONS = (
					"DEBUG=1",
					"$(inherited)",
				);
				GCC_WARN_64_TO_32_BIT_CONVERSION = YES;
				GCC_WARN_ABOUT_RETURN_TYPE = YES_ERROR;
				GCC_WARN_UNDECLARED_SELECTOR = YES;
				GCC_WARN_UNINITIALIZED_AUTOS = YES_AGGRESSIVE;
				GCC_WARN_UNUSED_FUNCTION = YES;
				GCC_WARN_UNUSED_VARIABLE = YES;
				IPHONEOS_DEPLOYMENT_TARGET = 18.0;
				LOCALIZATION_PREFERS_STRING_CATALOGS = YES;
				MTL_ENABLE_DEBUG_INFO = INCLUDE_SOURCE;
				MTL_FAST_MATH = YES;
				ONLY_ACTIVE_ARCH = YES;
				SDKROOT = iphoneos;
				SWIFT_ACTIVE_COMPILATION_CONDITIONS = "DEBUG $(inherited)";
				SWIFT_OPTIMIZATION_LEVEL = "-Onone";
			};
			name = Debug;
		};
		1E6215252CAD16A0009E98B4 /* Release */ = {
			isa = XCBuildConfiguration;
			buildSettings = {
				ALWAYS_SEARCH_USER_PATHS = NO;
				ASSETCATALOG_COMPILER_GENERATE_SWIFT_ASSET_SYMBOL_EXTENSIONS = YES;
				CLANG_ANALYZER_NONNULL = YES;
				CLANG_ANALYZER_NUMBER_OBJECT_CONVERSION = YES_AGGRESSIVE;
				CLANG_CXX_LANGUAGE_STANDARD = "gnu++20";
				CLANG_ENABLE_MODULES = YES;
				CLANG_ENABLE_OBJC_ARC = YES;
				CLANG_ENABLE_OBJC_WEAK = YES;
				CLANG_WARN_BLOCK_CAPTURE_AUTORELEASING = YES;
				CLANG_WARN_BOOL_CONVERSION = YES;
				CLANG_WARN_COMMA = YES;
				CLANG_WARN_CONSTANT_CONVERSION = YES;
				CLANG_WARN_DEPRECATED_OBJC_IMPLEMENTATIONS = YES;
				CLANG_WARN_DIRECT_OBJC_ISA_USAGE = YES_ERROR;
				CLANG_WARN_DOCUMENTATION_COMMENTS = YES;
				CLANG_WARN_EMPTY_BODY = YES;
				CLANG_WARN_ENUM_CONVERSION = YES;
				CLANG_WARN_INFINITE_RECURSION = YES;
				CLANG_WARN_INT_CONVERSION = YES;
				CLANG_WARN_NON_LITERAL_NULL_CONVERSION = YES;
				CLANG_WARN_OBJC_IMPLICIT_RETAIN_SELF = YES;
				CLANG_WARN_OBJC_LITERAL_CONVERSION = YES;
				CLANG_WARN_OBJC_ROOT_CLASS = YES_ERROR;
				CLANG_WARN_QUOTED_INCLUDE_IN_FRAMEWORK_HEADER = YES;
				CLANG_WARN_RANGE_LOOP_ANALYSIS = YES;
				CLANG_WARN_STRICT_PROTOTYPES = YES;
				CLANG_WARN_SUSPICIOUS_MOVE = YES;
				CLANG_WARN_UNGUARDED_AVAILABILITY = YES_AGGRESSIVE;
				CLANG_WARN_UNREACHABLE_CODE = YES;
				CLANG_WARN__DUPLICATE_METHOD_MATCH = YES;
				COPY_PHASE_STRIP = NO;
				DEBUG_INFORMATION_FORMAT = "dwarf-with-dsym";
				ENABLE_NS_ASSERTIONS = NO;
				ENABLE_STRICT_OBJC_MSGSEND = YES;
				ENABLE_USER_SCRIPT_SANDBOXING = YES;
				GCC_C_LANGUAGE_STANDARD = gnu17;
				GCC_NO_COMMON_BLOCKS = YES;
				GCC_WARN_64_TO_32_BIT_CONVERSION = YES;
				GCC_WARN_ABOUT_RETURN_TYPE = YES_ERROR;
				GCC_WARN_UNDECLARED_SELECTOR = YES;
				GCC_WARN_UNINITIALIZED_AUTOS = YES_AGGRESSIVE;
				GCC_WARN_UNUSED_FUNCTION = YES;
				GCC_WARN_UNUSED_VARIABLE = YES;
				IPHONEOS_DEPLOYMENT_TARGET = 18.0;
				LOCALIZATION_PREFERS_STRING_CATALOGS = YES;
				MTL_ENABLE_DEBUG_INFO = NO;
				MTL_FAST_MATH = YES;
				SDKROOT = iphoneos;
				SWIFT_COMPILATION_MODE = wholemodule;
				VALIDATE_PRODUCT = YES;
			};
			name = Release;
		};
		1E6215272CAD16A0009E98B4 /* Debug */ = {
			isa = XCBuildConfiguration;
			buildSettings = {
				ASSETCATALOG_COMPILER_APPICON_NAME = AppIcon;
				ASSETCATALOG_COMPILER_GLOBAL_ACCENT_COLOR_NAME = AccentColor;
				CODE_SIGN_STYLE = Automatic;
				CURRENT_PROJECT_VERSION = 1;
				DEVELOPMENT_ASSET_PATHS = "\"weather app/Preview Content\"";
				DEVELOPMENT_TEAM = DBGPQTKSVN;
				ENABLE_PREVIEWS = YES;
				GENERATE_INFOPLIST_FILE = YES;
				INFOPLIST_KEY_UIApplicationSceneManifest_Generation = YES;
				INFOPLIST_KEY_UIApplicationSupportsIndirectInputEvents = YES;
				INFOPLIST_KEY_UILaunchScreen_Generation = YES;
				INFOPLIST_KEY_UISupportedInterfaceOrientations_iPad = "UIInterfaceOrientationPortrait UIInterfaceOrientationPortraitUpsideDown UIInterfaceOrientationLandscapeLeft UIInterfaceOrientationLandscapeRight";
				INFOPLIST_KEY_UISupportedInterfaceOrientations_iPhone = "UIInterfaceOrientationPortrait UIInterfaceOrientationLandscapeLeft UIInterfaceOrientationLandscapeRight";
				LD_RUNPATH_SEARCH_PATHS = (
					"$(inherited)",
					"@executable_path/Frameworks",
				);
				MARKETING_VERSION = 1.0;
				PRODUCT_BUNDLE_IDENTIFIER = "com.weather-app.weather-appTests";
				PRODUCT_NAME = "$(TARGET_NAME)";
				SWIFT_EMIT_LOC_STRINGS = YES;
				SWIFT_VERSION = 5.0;
				TARGETED_DEVICE_FAMILY = "1,2";
			};
			name = Debug;
		};
		1E6215282CAD16A0009E98B4 /* Release */ = {
			isa = XCBuildConfiguration;
			buildSettings = {
				ASSETCATALOG_COMPILER_APPICON_NAME = AppIcon;
				ASSETCATALOG_COMPILER_GLOBAL_ACCENT_COLOR_NAME = AccentColor;
				CODE_SIGN_STYLE = Automatic;
				CURRENT_PROJECT_VERSION = 1;
				DEVELOPMENT_ASSET_PATHS = "\"weather app/Preview Content\"";
				DEVELOPMENT_TEAM = DBGPQTKSVN;
				ENABLE_PREVIEWS = YES;
				GENERATE_INFOPLIST_FILE = YES;
				INFOPLIST_KEY_UIApplicationSceneManifest_Generation = YES;
				INFOPLIST_KEY_UIApplicationSupportsIndirectInputEvents = YES;
				INFOPLIST_KEY_UILaunchScreen_Generation = YES;
				INFOPLIST_KEY_UISupportedInterfaceOrientations_iPad = "UIInterfaceOrientationPortrait UIInterfaceOrientationPortraitUpsideDown UIInterfaceOrientationLandscapeLeft UIInterfaceOrientationLandscapeRight";
				INFOPLIST_KEY_UISupportedInterfaceOrientations_iPhone = "UIInterfaceOrientationPortrait UIInterfaceOrientationLandscapeLeft UIInterfaceOrientationLandscapeRight";
				LD_RUNPATH_SEARCH_PATHS = (
					"$(inherited)",
					"@executable_path/Frameworks",
				);
				MARKETING_VERSION = 1.0;
				PRODUCT_BUNDLE_IDENTIFIER = "com.weather-app";
				PRODUCT_NAME = "$(TARGET_NAME)";
				SWIFT_EMIT_LOC_STRINGS = YES;
				SWIFT_VERSION = 5.0;
				TARGETED_DEVICE_FAMILY = "1,2";
			};
			name = Release;
		};
		1E62152A2CAD16A0009E98B4 /* Debug */ = {
			isa = XCBuildConfiguration;
			buildSettings = {
				BUNDLE_LOADER = "$(TEST_HOST)";
				"CODE_SIGN_IDENTITY[sdk=macosx*]" = "Apple Development";
				CODE_SIGN_STYLE = Automatic;
				CURRENT_PROJECT_VERSION = 1;
				DEVELOPMENT_TEAM = DBGPQTKSVN;
				GENERATE_INFOPLIST_FILE = YES;
				IPHONEOS_DEPLOYMENT_TARGET = 18.0;
				MARKETING_VERSION = 1.0;
				PRODUCT_BUNDLE_IDENTIFIER = "com.weather-app.weather-appTests";
				PRODUCT_NAME = "$(TARGET_NAME)";
				SWIFT_EMIT_LOC_STRINGS = NO;
				SWIFT_VERSION = 5.0;
				TARGETED_DEVICE_FAMILY = "1,2";
				TEST_HOST = "$(BUILT_PRODUCTS_DIR)/weather app.app/$(BUNDLE_EXECUTABLE_FOLDER_PATH)/weather app";
			};
			name = Debug;
		};
		1E62152B2CAD16A0009E98B4 /* Release */ = {
			isa = XCBuildConfiguration;
			buildSettings = {
				BUNDLE_LOADER = "$(TEST_HOST)";
				CODE_SIGN_STYLE = Automatic;
				CURRENT_PROJECT_VERSION = 1;
				GENERATE_INFOPLIST_FILE = YES;
				IPHONEOS_DEPLOYMENT_TARGET = 18.0;
				MARKETING_VERSION = 1.0;
				PRODUCT_BUNDLE_IDENTIFIER = "com.weather-app.weather-appTests";
				PRODUCT_NAME = "$(TARGET_NAME)";
				SWIFT_EMIT_LOC_STRINGS = NO;
				SWIFT_VERSION = 5.0;
				TARGETED_DEVICE_FAMILY = "1,2";
				TEST_HOST = "$(BUILT_PRODUCTS_DIR)/weather app.app/$(BUNDLE_EXECUTABLE_FOLDER_PATH)/weather app";
			};
			name = Release;
		};
		1E62152D2CAD16A0009E98B4 /* Debug */ = {
			isa = XCBuildConfiguration;
			buildSettings = {
				CODE_SIGN_STYLE = Automatic;
				CURRENT_PROJECT_VERSION = 1;
				DEVELOPMENT_TEAM = DBGPQTKSVN;
				GENERATE_INFOPLIST_FILE = YES;
				MARKETING_VERSION = 1.0;
				PRODUCT_BUNDLE_IDENTIFIER = "com.weather-app.weather-appUITests";
				PRODUCT_NAME = "$(TARGET_NAME)";
				SWIFT_EMIT_LOC_STRINGS = NO;
				SWIFT_VERSION = 5.0;
				TARGETED_DEVICE_FAMILY = "1,2";
				TEST_TARGET_NAME = "weather app";
			};
			name = Debug;
		};
		1E62152E2CAD16A0009E98B4 /* Release */ = {
			isa = XCBuildConfiguration;
			buildSettings = {
				CODE_SIGN_STYLE = Automatic;
				CURRENT_PROJECT_VERSION = 1;
				GENERATE_INFOPLIST_FILE = YES;
				MARKETING_VERSION = 1.0;
				PRODUCT_BUNDLE_IDENTIFIER = "com.weather-app.weather-appUITests";
				PRODUCT_NAME = "$(TARGET_NAME)";
				SWIFT_EMIT_LOC_STRINGS = NO;
				SWIFT_VERSION = 5.0;
				TARGETED_DEVICE_FAMILY = "1,2";
				TEST_TARGET_NAME = "weather app";
			};
			name = Release;
		};
/* End XCBuildConfiguration section */

/* Begin XCConfigurationList section */
		1E6214FD2CAD169E009E98B4 /* Build configuration list for PBXProject "weather app" */ = {
			isa = XCConfigurationList;
			buildConfigurations = (
				1E6215242CAD16A0009E98B4 /* Debug */,
				1E6215252CAD16A0009E98B4 /* Release */,
			);
			defaultConfigurationIsVisible = 0;
			defaultConfigurationName = Release;
		};
		1E6215262CAD16A0009E98B4 /* Build configuration list for PBXNativeTarget "weather app" */ = {
			isa = XCConfigurationList;
			buildConfigurations = (
				1E6215272CAD16A0009E98B4 /* Debug */,
				1E6215282CAD16A0009E98B4 /* Release */,
			);
			defaultConfigurationIsVisible = 0;
			defaultConfigurationName = Release;
		};
		1E6215292CAD16A0009E98B4 /* Build configuration list for PBXNativeTarget "weather appTests" */ = {
			isa = XCConfigurationList;
			buildConfigurations = (
				1E62152A2CAD16A0009E98B4 /* Debug */,
				1E62152B2CAD16A0009E98B4 /* Release */,
			);
			defaultConfigurationIsVisible = 0;
			defaultConfigurationName = Release;
		};
		1E62152C2CAD16A0009E98B4 /* Build configuration list for PBXNativeTarget "weather appUITests" */ = {
			isa = XCConfigurationList;
			buildConfigurations = (
				1E62152D2CAD16A0009E98B4 /* Debug */,
				1E62152E2CAD16A0009E98B4 /* Release */,
			);
			defaultConfigurationIsVisible = 0;
			defaultConfigurationName = Release;
		};
/* End XCConfigurationList section */

/* Begin XCRemoteSwiftPackageReference section */
		1E03F6282CADC1790068167A /* XCRemoteSwiftPackageReference "Moya" */ = {
			isa = XCRemoteSwiftPackageReference;
			repositoryURL = "https://github.com/Moya/Moya.git";
			requirement = {
				kind = upToNextMajorVersion;
				minimumVersion = 15.0.3;
			};
		};
/* End XCRemoteSwiftPackageReference section */

/* Begin XCSwiftPackageProductDependency section */
		1E03F65D2CADC4580068167A /* Moya */ = {
			isa = XCSwiftPackageProductDependency;
			package = 1E03F6282CADC1790068167A /* XCRemoteSwiftPackageReference "Moya" */;
			productName = Moya;
		};
/* End XCSwiftPackageProductDependency section */
	};
	rootObject = 1E6214FA2CAD169E009E98B4 /* Project object */;
}
